// !$*UTF8*$!
{
	archiveVersion = 1;
	classes = {
	};
	objectVersion = 55;
	objects = {

/* Begin PBXBuildFile section */
		9B47E9B827A1B9FB006F5882 /* Launch Screen.storyboard in Resources */ = {isa = PBXBuildFile; fileRef = 9B47E9B727A1B9FB006F5882 /* Launch Screen.storyboard */; };
		9B6CF13927A15AC300087D14 /* I_Am_RichApp.swift in Sources */ = {isa = PBXBuildFile; fileRef = 9B6CF13827A15AC300087D14 /* I_Am_RichApp.swift */; };
		9B6CF13B27A15AC300087D14 /* ContentView.swift in Sources */ = {isa = PBXBuildFile; fileRef = 9B6CF13A27A15AC300087D14 /* ContentView.swift */; };
		9B6CF13D27A15AC400087D14 /* Assets.xcassets in Resources */ = {isa = PBXBuildFile; fileRef = 9B6CF13C27A15AC400087D14 /* Assets.xcassets */; };
		9B6CF14027A15AC400087D14 /* Preview Assets.xcassets in Resources */ = {isa = PBXBuildFile; fileRef = 9B6CF13F27A15AC400087D14 /* Preview Assets.xcassets */; };
		9BD1882727A7DCED00773B5F /* CircleImage.swift in Sources */ = {isa = PBXBuildFile; fileRef = 9BD1882627A7DCED00773B5F /* CircleImage.swift */; };
		9BD1882927A923C200773B5F /* MapView.swift in Sources */ = {isa = PBXBuildFile; fileRef = 9BD1882827A923C200773B5F /* MapView.swift */; };
		9BD1882B27AABDE500773B5F /* landmarkData.json in Resources */ = {isa = PBXBuildFile; fileRef = 9BD1882A27AABDE500773B5F /* landmarkData.json */; };
		9BD1882D27AABE2500773B5F /* Landmark.swift in Sources */ = {isa = PBXBuildFile; fileRef = 9BD1882C27AABE2500773B5F /* Landmark.swift */; };
		9BD1882F27AAC3CA00773B5F /* ModelData.swift in Sources */ = {isa = PBXBuildFile; fileRef = 9BD1882E27AAC3CA00773B5F /* ModelData.swift */; };
		9BD1883427AB724500773B5F /* LandmarkRow.swift in Sources */ = {isa = PBXBuildFile; fileRef = 9BD1883327AB724500773B5F /* LandmarkRow.swift */; };
		9BD1883627AB775800773B5F /* LandmarkList.swift in Sources */ = {isa = PBXBuildFile; fileRef = 9BD1883527AB775800773B5F /* LandmarkList.swift */; };
		9BD1883827AB784E00773B5F /* LandmarkDetail.swift in Sources */ = {isa = PBXBuildFile; fileRef = 9BD1883727AB784E00773B5F /* LandmarkDetail.swift */; };
		9BD1883A27AB992B00773B5F /* FavoriteButton.swift in Sources */ = {isa = PBXBuildFile; fileRef = 9BD1883927AB992B00773B5F /* FavoriteButton.swift */; };
/* End PBXBuildFile section */

/* Begin PBXFileReference section */
		9B47E9B727A1B9FB006F5882 /* Launch Screen.storyboard */ = {isa = PBXFileReference; lastKnownFileType = file.storyboard; path = "Launch Screen.storyboard"; sourceTree = "<group>"; };
		9B6CF13527A15AC300087D14 /* I Am Rich.app */ = {isa = PBXFileReference; explicitFileType = wrapper.application; includeInIndex = 0; path = "I Am Rich.app"; sourceTree = BUILT_PRODUCTS_DIR; };
		9B6CF13827A15AC300087D14 /* I_Am_RichApp.swift */ = {isa = PBXFileReference; lastKnownFileType = sourcecode.swift; path = I_Am_RichApp.swift; sourceTree = "<group>"; };
		9B6CF13A27A15AC300087D14 /* ContentView.swift */ = {isa = PBXFileReference; lastKnownFileType = sourcecode.swift; path = ContentView.swift; sourceTree = "<group>"; };
		9B6CF13C27A15AC400087D14 /* Assets.xcassets */ = {isa = PBXFileReference; lastKnownFileType = folder.assetcatalog; path = Assets.xcassets; sourceTree = "<group>"; };
		9B6CF13F27A15AC400087D14 /* Preview Assets.xcassets */ = {isa = PBXFileReference; lastKnownFileType = folder.assetcatalog; path = "Preview Assets.xcassets"; sourceTree = "<group>"; };
		9BD1882627A7DCED00773B5F /* CircleImage.swift */ = {isa = PBXFileReference; lastKnownFileType = sourcecode.swift; path = CircleImage.swift; sourceTree = "<group>"; };
		9BD1882827A923C200773B5F /* MapView.swift */ = {isa = PBXFileReference; lastKnownFileType = sourcecode.swift; path = MapView.swift; sourceTree = "<group>"; };
		9BD1882A27AABDE500773B5F /* landmarkData.json */ = {isa = PBXFileReference; fileEncoding = 4; lastKnownFileType = text.json; path = landmarkData.json; sourceTree = "<group>"; };
		9BD1882C27AABE2500773B5F /* Landmark.swift */ = {isa = PBXFileReference; lastKnownFileType = sourcecode.swift; path = Landmark.swift; sourceTree = "<group>"; };
		9BD1882E27AAC3CA00773B5F /* ModelData.swift */ = {isa = PBXFileReference; lastKnownFileType = sourcecode.swift; path = ModelData.swift; sourceTree = "<group>"; };
		9BD1883327AB724500773B5F /* LandmarkRow.swift */ = {isa = PBXFileReference; lastKnownFileType = sourcecode.swift; path = LandmarkRow.swift; sourceTree = "<group>"; };
		9BD1883527AB775800773B5F /* LandmarkList.swift */ = {isa = PBXFileReference; lastKnownFileType = sourcecode.swift; path = LandmarkList.swift; sourceTree = "<group>"; };
		9BD1883727AB784E00773B5F /* LandmarkDetail.swift */ = {isa = PBXFileReference; lastKnownFileType = sourcecode.swift; path = LandmarkDetail.swift; sourceTree = "<group>"; };
		9BD1883927AB992B00773B5F /* FavoriteButton.swift */ = {isa = PBXFileReference; lastKnownFileType = sourcecode.swift; path = FavoriteButton.swift; sourceTree = "<group>"; };
/* End PBXFileReference section */

/* Begin PBXFrameworksBuildPhase section */
		9B6CF13227A15AC300087D14 /* Frameworks */ = {
			isa = PBXFrameworksBuildPhase;
			buildActionMask = 2147483647;
			files = (
			);
			runOnlyForDeploymentPostprocessing = 0;
		};
/* End PBXFrameworksBuildPhase section */

/* Begin PBXGroup section */
		9B6CF12C27A15AC300087D14 = {
			isa = PBXGroup;
			children = (
				9B47E9B727A1B9FB006F5882 /* Launch Screen.storyboard */,
				9B6CF13727A15AC300087D14 /* I Am Rich */,
				9B6CF13627A15AC300087D14 /* Products */,
			);
			sourceTree = "<group>";
		};
		9B6CF13627A15AC300087D14 /* Products */ = {
			isa = PBXGroup;
			children = (
				9B6CF13527A15AC300087D14 /* I Am Rich.app */,
			);
			name = Products;
			sourceTree = "<group>";
		};
		9B6CF13727A15AC300087D14 /* I Am Rich */ = {
			isa = PBXGroup;
			children = (
				9B6CF13827A15AC300087D14 /* I_Am_RichApp.swift */,
				9B6CF13C27A15AC400087D14 /* Assets.xcassets */,
				9BD1883127AAC61500773B5F /* Views */,
				9BD1883027AAC54100773B5F /* Model */,
				9BD1883227AAC62E00773B5F /* Resources */,
				9B6CF13E27A15AC400087D14 /* Preview Content */,
			);
			path = "I Am Rich";
			sourceTree = "<group>";
		};
		9B6CF13E27A15AC400087D14 /* Preview Content */ = {
			isa = PBXGroup;
			children = (
				9B6CF13F27A15AC400087D14 /* Preview Assets.xcassets */,
			);
			path = "Preview Content";
			sourceTree = "<group>";
		};
		9BD1883027AAC54100773B5F /* Model */ = {
			isa = PBXGroup;
			children = (
				9BD1882C27AABE2500773B5F /* Landmark.swift */,
				9BD1882E27AAC3CA00773B5F /* ModelData.swift */,
			);
			path = Model;
			sourceTree = "<group>";
		};
		9BD1883127AAC61500773B5F /* Views */ = {
			isa = PBXGroup;
			children = (
				9B6CF13A27A15AC300087D14 /* ContentView.swift */,
				9BD1883B27AB99F400773B5F /* Helpers */,
				9BD1883C27AB9A0200773B5F /* Landmarks */,
			);
			path = Views;
			sourceTree = "<group>";
		};
		9BD1883227AAC62E00773B5F /* Resources */ = {
			isa = PBXGroup;
			children = (
				9BD1882A27AABDE500773B5F /* landmarkData.json */,
			);
			path = Resources;
			sourceTree = "<group>";
		};
		9BD1883B27AB99F400773B5F /* Helpers */ = {
			isa = PBXGroup;
			children = (
				9BD1882627A7DCED00773B5F /* CircleImage.swift */,
				9BD1882827A923C200773B5F /* MapView.swift */,
				9BD1883927AB992B00773B5F /* FavoriteButton.swift */,
			);
			path = Helpers;
			sourceTree = "<group>";
		};
		9BD1883C27AB9A0200773B5F /* Landmarks */ = {
			isa = PBXGroup;
			children = (
				9BD1883327AB724500773B5F /* LandmarkRow.swift */,
				9BD1883527AB775800773B5F /* LandmarkList.swift */,
				9BD1883727AB784E00773B5F /* LandmarkDetail.swift */,
			);
			path = Landmarks;
			sourceTree = "<group>";
		};
/* End PBXGroup section */

/* Begin PBXNativeTarget section */
		9B6CF13427A15AC300087D14 /* I Am Rich */ = {
			isa = PBXNativeTarget;
			buildConfigurationList = 9B6CF14327A15AC400087D14 /* Build configuration list for PBXNativeTarget "I Am Rich" */;
			buildPhases = (
				9B6CF13127A15AC300087D14 /* Sources */,
				9B6CF13227A15AC300087D14 /* Frameworks */,
				9B6CF13327A15AC300087D14 /* Resources */,
			);
			buildRules = (
			);
			dependencies = (
			);
			name = "I Am Rich";
			productName = "I Am Rich";
			productReference = 9B6CF13527A15AC300087D14 /* I Am Rich.app */;
			productType = "com.apple.product-type.application";
		};
/* End PBXNativeTarget section */

/* Begin PBXProject section */
		9B6CF12D27A15AC300087D14 /* Project object */ = {
			isa = PBXProject;
			attributes = {
				BuildIndependentTargetsInParallel = 1;
				LastSwiftUpdateCheck = 1320;
				LastUpgradeCheck = 1320;
				TargetAttributes = {
					9B6CF13427A15AC300087D14 = {
						CreatedOnToolsVersion = 13.2.1;
					};
				};
			};
			buildConfigurationList = 9B6CF13027A15AC300087D14 /* Build configuration list for PBXProject "I Am Rich" */;
			compatibilityVersion = "Xcode 13.0";
			developmentRegion = en;
			hasScannedForEncodings = 0;
			knownRegions = (
				en,
				Base,
			);
			mainGroup = 9B6CF12C27A15AC300087D14;
			productRefGroup = 9B6CF13627A15AC300087D14 /* Products */;
			projectDirPath = "";
			projectRoot = "";
			targets = (
				9B6CF13427A15AC300087D14 /* I Am Rich */,
			);
		};
/* End PBXProject section */

/* Begin PBXResourcesBuildPhase section */
		9B6CF13327A15AC300087D14 /* Resources */ = {
			isa = PBXResourcesBuildPhase;
			buildActionMask = 2147483647;
			files = (
				9B47E9B827A1B9FB006F5882 /* Launch Screen.storyboard in Resources */,
				9BD1882B27AABDE500773B5F /* landmarkData.json in Resources */,
				9B6CF14027A15AC400087D14 /* Preview Assets.xcassets in Resources */,
				9B6CF13D27A15AC400087D14 /* Assets.xcassets in Resources */,
			);
			runOnlyForDeploymentPostprocessing = 0;
		};
/* End PBXResourcesBuildPhase section */

/* Begin PBXSourcesBuildPhase section */
		9B6CF13127A15AC300087D14 /* Sources */ = {
			isa = PBXSourcesBuildPhase;
			buildActionMask = 2147483647;
			files = (
				9B6CF13B27A15AC300087D14 /* ContentView.swift in Sources */,
				9BD1882927A923C200773B5F /* MapView.swift in Sources */,
				9BD1882727A7DCED00773B5F /* CircleImage.swift in Sources */,
				9BD1883A27AB992B00773B5F /* FavoriteButton.swift in Sources */,
				9BD1883627AB775800773B5F /* LandmarkList.swift in Sources */,
				9BD1883827AB784E00773B5F /* LandmarkDetail.swift in Sources */,
				9B6CF13927A15AC300087D14 /* I_Am_RichApp.swift in Sources */,
				9BD1882D27AABE2500773B5F /* Landmark.swift in Sources */,
				9BD1883427AB724500773B5F /* LandmarkRow.swift in Sources */,
				9BD1882F27AAC3CA00773B5F /* ModelData.swift in Sources */,
			);
			runOnlyForDeploymentPostprocessing = 0;
		};
/* End PBXSourcesBuildPhase section */

/* Begin XCBuildConfiguration section */
		9B6CF14127A15AC400087D14 /* Debug */ = {
			isa = XCBuildConfiguration;
			buildSettings = {
				ALWAYS_SEARCH_USER_PATHS = NO;
				CLANG_ANALYZER_NONNULL = YES;
				CLANG_ANALYZER_NUMBER_OBJECT_CONVERSION = YES_AGGRESSIVE;
				CLANG_CXX_LANGUAGE_STANDARD = "gnu++17";
				CLANG_CXX_LIBRARY = "libc++";
				CLANG_ENABLE_MODULES = YES;
				CLANG_ENABLE_OBJC_ARC = YES;
				CLANG_ENABLE_OBJC_WEAK = YES;
				CLANG_WARN_BLOCK_CAPTURE_AUTORELEASING = YES;
				CLANG_WARN_BOOL_CONVERSION = YES;
				CLANG_WARN_COMMA = YES;
				CLANG_WARN_CONSTANT_CONVERSION = YES;
				CLANG_WARN_DEPRECATED_OBJC_IMPLEMENTATIONS = YES;
				CLANG_WARN_DIRECT_OBJC_ISA_USAGE = YES_ERROR;
				CLANG_WARN_DOCUMENTATION_COMMENTS = YES;
				CLANG_WARN_EMPTY_BODY = YES;
				CLANG_WARN_ENUM_CONVERSION = YES;
				CLANG_WARN_INFINITE_RECURSION = YES;
				CLANG_WARN_INT_CONVERSION = YES;
				CLANG_WARN_NON_LITERAL_NULL_CONVERSION = YES;
				CLANG_WARN_OBJC_IMPLICIT_RETAIN_SELF = YES;
				CLANG_WARN_OBJC_LITERAL_CONVERSION = YES;
				CLANG_WARN_OBJC_ROOT_CLASS = YES_ERROR;
				CLANG_WARN_QUOTED_INCLUDE_IN_FRAMEWORK_HEADER = YES;
				CLANG_WARN_RANGE_LOOP_ANALYSIS = YES;
				CLANG_WARN_STRICT_PROTOTYPES = YES;
				CLANG_WARN_SUSPICIOUS_MOVE = YES;
				CLANG_WARN_UNGUARDED_AVAILABILITY = YES_AGGRESSIVE;
				CLANG_WARN_UNREACHABLE_CODE = YES;
				CLANG_WARN__DUPLICATE_METHOD_MATCH = YES;
				COPY_PHASE_STRIP = NO;
				DEBUG_INFORMATION_FORMAT = dwarf;
				ENABLE_STRICT_OBJC_MSGSEND = YES;
				ENABLE_TESTABILITY = YES;
				"EXCLUDED_ARCHS[sdk=*]" = "";
				GCC_C_LANGUAGE_STANDARD = gnu11;
				GCC_DYNAMIC_NO_PIC = NO;
				GCC_NO_COMMON_BLOCKS = YES;
				GCC_OPTIMIZATION_LEVEL = 0;
				GCC_PREPROCESSOR_DEFINITIONS = (
					"DEBUG=1",
					"$(inherited)",
				);
				GCC_WARN_64_TO_32_BIT_CONVERSION = YES;
				GCC_WARN_ABOUT_RETURN_TYPE = YES_ERROR;
				GCC_WARN_UNDECLARED_SELECTOR = YES;
				GCC_WARN_UNINITIALIZED_AUTOS = YES_AGGRESSIVE;
				GCC_WARN_UNUSED_FUNCTION = YES;
				GCC_WARN_UNUSED_VARIABLE = YES;
				IPHONEOS_DEPLOYMENT_TARGET = 15.2;
				MTL_ENABLE_DEBUG_INFO = INCLUDE_SOURCE;
				MTL_FAST_MATH = YES;
				ONLY_ACTIVE_ARCH = YES;
				SDKROOT = iphoneos;
				SWIFT_ACTIVE_COMPILATION_CONDITIONS = DEBUG;
				SWIFT_OPTIMIZATION_LEVEL = "-Onone";
			};
			name = Debug;
		};
		9B6CF14227A15AC400087D14 /* Release */ = {
			isa = XCBuildConfiguration;
			buildSettings = {
				ALWAYS_SEARCH_USER_PATHS = NO;
				CLANG_ANALYZER_NONNULL = YES;
				CLANG_ANALYZER_NUMBER_OBJECT_CONVERSION = YES_AGGRESSIVE;
				CLANG_CXX_LANGUAGE_STANDARD = "gnu++17";
				CLANG_CXX_LIBRARY = "libc++";
				CLANG_ENABLE_MODULES = YES;
				CLANG_ENABLE_OBJC_ARC = YES;
				CLANG_ENABLE_OBJC_WEAK = YES;
				CLANG_WARN_BLOCK_CAPTURE_AUTORELEASING = YES;
				CLANG_WARN_BOOL_CONVERSION = YES;
				CLANG_WARN_COMMA = YES;
				CLANG_WARN_CONSTANT_CONVERSION = YES;
				CLANG_WARN_DEPRECATED_OBJC_IMPLEMENTATIONS = YES;
				CLANG_WARN_DIRECT_OBJC_ISA_USAGE = YES_ERROR;
				CLANG_WARN_DOCUMENTATION_COMMENTS = YES;
				CLANG_WARN_EMPTY_BODY = YES;
				CLANG_WARN_ENUM_CONVERSION = YES;
				CLANG_WARN_INFINITE_RECURSION = YES;
				CLANG_WARN_INT_CONVERSION = YES;
				CLANG_WARN_NON_LITERAL_NULL_CONVERSION = YES;
				CLANG_WARN_OBJC_IMPLICIT_RETAIN_SELF = YES;
				CLANG_WARN_OBJC_LITERAL_CONVERSION = YES;
				CLANG_WARN_OBJC_ROOT_CLASS = YES_ERROR;
				CLANG_WARN_QUOTED_INCLUDE_IN_FRAMEWORK_HEADER = YES;
				CLANG_WARN_RANGE_LOOP_ANALYSIS = YES;
				CLANG_WARN_STRICT_PROTOTYPES = YES;
				CLANG_WARN_SUSPICIOUS_MOVE = YES;
				CLANG_WARN_UNGUARDED_AVAILABILITY = YES_AGGRESSIVE;
				CLANG_WARN_UNREACHABLE_CODE = YES;
				CLANG_WARN__DUPLICATE_METHOD_MATCH = YES;
				COPY_PHASE_STRIP = NO;
				DEBUG_INFORMATION_FORMAT = "dwarf-with-dsym";
				ENABLE_NS_ASSERTIONS = NO;
				ENABLE_STRICT_OBJC_MSGSEND = YES;
				GCC_C_LANGUAGE_STANDARD = gnu11;
				GCC_NO_COMMON_BLOCKS = YES;
				GCC_WARN_64_TO_32_BIT_CONVERSION = YES;
				GCC_WARN_ABOUT_RETURN_TYPE = YES_ERROR;
				GCC_WARN_UNDECLARED_SELECTOR = YES;
				GCC_WARN_UNINITIALIZED_AUTOS = YES_AGGRESSIVE;
				GCC_WARN_UNUSED_FUNCTION = YES;
				GCC_WARN_UNUSED_VARIABLE = YES;
				IPHONEOS_DEPLOYMENT_TARGET = 15.2;
				MTL_ENABLE_DEBUG_INFO = NO;
				MTL_FAST_MATH = YES;
				SDKROOT = iphoneos;
				SWIFT_COMPILATION_MODE = wholemodule;
				SWIFT_OPTIMIZATION_LEVEL = "-O";
				VALIDATE_PRODUCT = YES;
			};
			name = Release;
		};
		9B6CF14427A15AC400087D14 /* Debug */ = {
			isa = XCBuildConfiguration;
			buildSettings = {
				ASSETCATALOG_COMPILER_APPICON_NAME = AppIcon;
				ASSETCATALOG_COMPILER_GLOBAL_ACCENT_COLOR_NAME = AccentColor;
				CODE_SIGN_STYLE = Automatic;
				CURRENT_PROJECT_VERSION = 1;
				DEVELOPMENT_ASSET_PATHS = "\"I Am Rich/Preview Content\"";
				DEVELOPMENT_TEAM = P25FRW9M7Q;
				ENABLE_PREVIEWS = YES;
				GENERATE_INFOPLIST_FILE = YES;
				INFOPLIST_KEY_UIApplicationSceneManifest_Generation = YES;
				INFOPLIST_KEY_UIApplicationSupportsIndirectInputEvents = YES;
				INFOPLIST_KEY_UILaunchScreen_Generation = YES;
				INFOPLIST_KEY_UILaunchStoryboardName = "Launch Screen";
				INFOPLIST_KEY_UISupportedInterfaceOrientations_iPad = "UIInterfaceOrientationPortrait UIInterfaceOrientationPortraitUpsideDown UIInterfaceOrientationLandscapeLeft UIInterfaceOrientationLandscapeRight";
				INFOPLIST_KEY_UISupportedInterfaceOrientations_iPhone = "UIInterfaceOrientationPortrait UIInterfaceOrientationLandscapeLeft UIInterfaceOrientationLandscapeRight";
				LD_RUNPATH_SEARCH_PATHS = (
					"$(inherited)",
					"@executable_path/Frameworks",
				);
				MARKETING_VERSION = 1.0;
				PRODUCT_BUNDLE_IDENTIFIER = "com.yohwang.I-Am-Rich";
				PRODUCT_NAME = "$(TARGET_NAME)";
				SWIFT_EMIT_LOC_STRINGS = YES;
				SWIFT_VERSION = 5.0;
				TARGETED_DEVICE_FAMILY = "1,2";
			};
			name = Debug;
		};
		9B6CF14527A15AC400087D14 /* Release */ = {
			isa = XCBuildConfiguration;
			buildSettings = {
				ASSETCATALOG_COMPILER_APPICON_NAME = AppIcon;
				ASSETCATALOG_COMPILER_GLOBAL_ACCENT_COLOR_NAME = AccentColor;
				CODE_SIGN_STYLE = Automatic;
				CURRENT_PROJECT_VERSION = 1;
				DEVELOPMENT_ASSET_PATHS = "\"I Am Rich/Preview Content\"";
				DEVELOPMENT_TEAM = P25FRW9M7Q;
				ENABLE_PREVIEWS = YES;
				GENERATE_INFOPLIST_FILE = YES;
				INFOPLIST_KEY_UIApplicationSceneManifest_Generation = YES;
				INFOPLIST_KEY_UIApplicationSupportsIndirectInputEvents = YES;
				INFOPLIST_KEY_UILaunchScreen_Generation = YES;
				INFOPLIST_KEY_UILaunchStoryboardName = "Launch Screen";
				INFOPLIST_KEY_UISupportedInterfaceOrientations_iPad = "UIInterfaceOrientationPortrait UIInterfaceOrientationPortraitUpsideDown UIInterfaceOrientationLandscapeLeft UIInterfaceOrientationLandscapeRight";
				INFOPLIST_KEY_UISupportedInterfaceOrientations_iPhone = "UIInterfaceOrientationPortrait UIInterfaceOrientationLandscapeLeft UIInterfaceOrientationLandscapeRight";
				LD_RUNPATH_SEARCH_PATHS = (
					"$(inherited)",
					"@executable_path/Frameworks",
				);
				MARKETING_VERSION = 1.0;
				PRODUCT_BUNDLE_IDENTIFIER = "com.yohwang.I-Am-Rich";
				PRODUCT_NAME = "$(TARGET_NAME)";
				SWIFT_EMIT_LOC_STRINGS = YES;
				SWIFT_VERSION = 5.0;
				TARGETED_DEVICE_FAMILY = "1,2";
			};
			name = Release;
		};
/* End XCBuildConfiguration section */

/* Begin XCConfigurationList section */
		9B6CF13027A15AC300087D14 /* Build configuration list for PBXProject "I Am Rich" */ = {
			isa = XCConfigurationList;
			buildConfigurations = (
				9B6CF14127A15AC400087D14 /* Debug */,
				9B6CF14227A15AC400087D14 /* Release */,
			);
			defaultConfigurationIsVisible = 0;
			defaultConfigurationName = Release;
		};
		9B6CF14327A15AC400087D14 /* Build configuration list for PBXNativeTarget "I Am Rich" */ = {
			isa = XCConfigurationList;
			buildConfigurations = (
				9B6CF14427A15AC400087D14 /* Debug */,
				9B6CF14527A15AC400087D14 /* Release */,
			);
			defaultConfigurationIsVisible = 0;
			defaultConfigurationName = Release;
		};
/* End XCConfigurationList section */
	};
	rootObject = 9B6CF12D27A15AC300087D14 /* Project object */;
}
